Microsoft Visual Studio Solution File, Format Version 12.00
# Visual Studio Version 17
VisualStudioVersion = 17.5.2.0
MinimumVisualStudioVersion = 10.0.40219.1
Project("{FAE04EC0-301F-11D3-BF4B-00C04F79EFBC}") = "TicketManagement.Infrastructure", "TicketManagement.Infrastructure.csproj", "{1B992D94-1A81-945E-C77A-BFCD33CFEAE6}"
EndProject
Global
	GlobalSection(SolutionConfigurationPlatforms) = preSolution
		Debug|Any CPU = Debug|Any CPU
		Release|Any CPU = Release|Any CPU
	EndGlobalSection
	GlobalSection(ProjectConfigurationPlatforms) = postSolution
		{1B992D94-1A81-945E-C77A-BFCD33CFEAE6}.Debug|Any CPU.ActiveCfg = Debug|Any CPU
		{1B992D94-1A81-945E-C77A-BFCD33CFEAE6}.Debug|Any CPU.Build.0 = Debug|Any CPU
		{1B992D94-1A81-945E-C77A-BFCD33CFEAE6}.Release|Any CPU.ActiveCfg = Release|Any CPU
		{1B992D94-1A81-945E-C77A-BFCD33CFEAE6}.Release|Any CPU.Build.0 = Release|Any CPU
	EndGlobalSection
	GlobalSection(SolutionProperties) = preSolution
		HideSolutionNode = FALSE
	EndGlobalSection
	GlobalSection(ExtensibilityGlobals) = postSolution
		SolutionGuid = {278D6C21-BA58-420C-BAAC-D87809214E41}
	EndGlobalSection
EndGlobal
